
Microsoft Visual Studio Solution File, Format Version 12.00
# Visual Studio Version 17
VisualStudioVersion = 17.14.36603.0 d17.14
MinimumVisualStudioVersion = 10.0.40219.1
Project("{FAE04EC0-301F-11D3-BF4B-00C04F79EFBC}") = "CollectIQ", "CollectIQ\CollectIQ.csproj", "{EE733729-756B-4FEF-93EE-34498D4A4C12}"
EndProject
Global
	GlobalSection(SolutionConfigurationPlatforms) = preSolution
		Debug|Any CPU = Debug|Any CPU
		Release|Any CPU = Release|Any CPU
	EndGlobalSection
	GlobalSection(ProjectConfigurationPlatforms) = postSolution
		{EE733729-756B-4FEF-93EE-34498D4A4C12}.Debug|Any CPU.ActiveCfg = Debug|Any CPU
		{EE733729-756B-4FEF-93EE-34498D4A4C12}.Debug|Any CPU.Build.0 = Debug|Any CPU
		{EE733729-756B-4FEF-93EE-34498D4A4C12}.Release|Any CPU.ActiveCfg = Release|Any CPU
		{EE733729-756B-4FEF-93EE-34498D4A4C12}.Release|Any CPU.Build.0 = Release|Any CPU
	EndGlobalSection
	GlobalSection(SolutionProperties) = preSolution
		HideSolutionNode = FALSE
	EndGlobalSection
	GlobalSection(ExtensibilityGlobals) = postSolution
		SolutionGuid = {B7CBE800-0CEB-4D68-907B-AA798B1E6A60}
	EndGlobalSection
EndGlobal
